
Microsoft Visual Studio Solution File, Format Version 12.00
# Visual Studio 2012
Project("{8BC9CEB8-8B4A-11D0-8D11-00A0C91BC942}") = "Arithmetic", "Arithmetic\Arithmetic.vcxproj", "{0B22BDBB-A708-4A76-8CEF-CBF31D55603D}"
EndProject
Project("{8BC9CEB8-8B4A-11D0-8D11-00A0C91BC942}") = "Crypto", "Crypto\Crypto.vcxproj", "{ACFDD9B7-6164-4597-AEBF-E699A692D7E2}"
	ProjectSection(ProjectDependencies) = postProject
		{0B22BDBB-A708-4A76-8CEF-CBF31D55603D} = {0B22BDBB-A708-4A76-8CEF-CBF31D55603D}
	EndProjectSection
EndProject
Project("{8BC9CEB8-8B4A-11D0-8D11-00A0C91BC942}") = "Tests", "Tests\Tests.vcxproj", "{3A695F5E-20C2-4BF5-8175-513D9A9E49E3}"
	ProjectSection(ProjectDependencies) = postProject
		{0B22BDBB-A708-4A76-8CEF-CBF31D55603D} = {0B22BDBB-A708-4A76-8CEF-CBF31D55603D}
	EndProjectSection
EndProject
Project("{8BC9CEB8-8B4A-11D0-8D11-00A0C91BC942}") = "Verifier", "Verifier\Verifier.vcxproj", "{4BA30224-68FB-4AE2-92BD-FA1A6721C989}"
	ProjectSection(ProjectDependencies) = postProject
		{ACFDD9B7-6164-4597-AEBF-E699A692D7E2} = {ACFDD9B7-6164-4597-AEBF-E699A692D7E2}
		{0B22BDBB-A708-4A76-8CEF-CBF31D55603D} = {0B22BDBB-A708-4A76-8CEF-CBF31D55603D}
	EndProjectSection
EndProject
Global
	GlobalSection(SolutionConfigurationPlatforms) = preSolution
		Debug|Win32 = Debug|Win32
		Release|Win32 = Release|Win32
	EndGlobalSection
	GlobalSection(ProjectConfigurationPlatforms) = postSolution
		{0B22BDBB-A708-4A76-8CEF-CBF31D55603D}.Debug|Win32.ActiveCfg = Debug|Win32
		{0B22BDBB-A708-4A76-8CEF-CBF31D55603D}.Debug|Win32.Build.0 = Debug|Win32
		{0B22BDBB-A708-4A76-8CEF-CBF31D55603D}.Release|Win32.ActiveCfg = Release|Win32
		{0B22BDBB-A708-4A76-8CEF-CBF31D55603D}.Release|Win32.Build.0 = Release|Win32
		{ACFDD9B7-6164-4597-AEBF-E699A692D7E2}.Debug|Win32.ActiveCfg = Debug|Win32
		{ACFDD9B7-6164-4597-AEBF-E699A692D7E2}.Debug|Win32.Build.0 = Debug|Win32
		{ACFDD9B7-6164-4597-AEBF-E699A692D7E2}.Release|Win32.ActiveCfg = Release|Win32
		{ACFDD9B7-6164-4597-AEBF-E699A692D7E2}.Release|Win32.Build.0 = Release|Win32
		{3A695F5E-20C2-4BF5-8175-513D9A9E49E3}.Debug|Win32.ActiveCfg = Debug|Win32
		{3A695F5E-20C2-4BF5-8175-513D9A9E49E3}.Debug|Win32.Build.0 = Debug|Win32
		{3A695F5E-20C2-4BF5-8175-513D9A9E49E3}.Release|Win32.ActiveCfg = Release|Win32
		{3A695F5E-20C2-4BF5-8175-513D9A9E49E3}.Release|Win32.Build.0 = Release|Win32
		{4BA30224-68FB-4AE2-92BD-FA1A6721C989}.Debug|Win32.ActiveCfg = Debug|Win32
		{4BA30224-68FB-4AE2-92BD-FA1A6721C989}.Debug|Win32.Build.0 = Debug|Win32
		{4BA30224-68FB-4AE2-92BD-FA1A6721C989}.Release|Win32.ActiveCfg = Release|Win32
		{4BA30224-68FB-4AE2-92BD-FA1A6721C989}.Release|Win32.Build.0 = Release|Win32
	EndGlobalSection
	GlobalSection(SolutionProperties) = preSolution
		HideSolutionNode = FALSE
	EndGlobalSection
EndGlobal
