<?xml version="1.0" encoding="utf-8"?>
<Project ToolsVersion="4.0" xmlns="http://schemas.microsoft.com/developer/msbuild/2003">
  <ItemGroup>
    <Filter Include="Source Files">
      <UniqueIdentifier>{4FC737F1-C7A5-4376-A066-2A32D752A2FF}</UniqueIdentifier>
      <Extensions>cpp;c;cc;cxx;def;odl;idl;hpj;bat;asm;asmx</Extensions>
    </Filter>
    <Filter Include="Header Files">
      <UniqueIdentifier>{93995380-89BD-4b04-88EB-625FBE52EBFB}</UniqueIdentifier>
      <Extensions>h;hpp;hxx;hm;inl;inc;xsd</Extensions>
    </Filter>
    <Filter Include="Resource Files">
      <UniqueIdentifier>{67DA6AB6-F800-4c08-8B7A-83BB121AAD01}</UniqueIdentifier>
      <Extensions>rc;ico;cur;bmp;dlg;rc2;rct;bin;rgs;gif;jpg;jpeg;jpe;resx;tiff;tif;png;wav;mfcribbon-ms</Extensions>
    </Filter>
    <Filter Include="Source Files\ByteTree">
      <UniqueIdentifier>{31d64975-605c-443f-9f30-0a715ceaf38b}</UniqueIdentifier>
    </Filter>
    <Filter Include="Header Files\ByteTree">
      <UniqueIdentifier>{6f3d1dcf-fb04-4705-8812-a5c490284949}</UniqueIdentifier>
    </Filter>
  </ItemGroup>
  <ItemGroup>
    <ClInclude Include="BaseLeaf.h">
      <Filter>Header Files\ByteTree</Filter>
    </ClInclude>
    <ClInclude Include="BaseNode.h">
      <Filter>Header Files\ByteTree</Filter>
    </ClInclude>
    <ClInclude Include="IntLeaf.h">
      <Filter>Header Files\ByteTree</Filter>
    </ClInclude>
    <ClInclude Include="Node.h">
      <Filter>Header Files\ByteTree</Filter>
    </ClInclude>
    <ClInclude Include="DataLeaf.h">
      <Filter>Header Files\ByteTree</Filter>
    </ClInclude>
    <ClInclude Include="types.h">
      <Filter>Header Files</Filter>
    </ClInclude>
  </ItemGroup>
  <ItemGroup>
    <ClCompile Include="BaseNode.cpp">
      <Filter>Source Files\ByteTree</Filter>
    </ClCompile>
    <ClCompile Include="Node.cpp">
      <Filter>Source Files\ByteTree</Filter>
    </ClCompile>
    <ClCompile Include="BaseLeaf.cpp">
      <Filter>Source Files\ByteTree</Filter>
    </ClCompile>
    <ClCompile Include="IntLeaf.cpp">
      <Filter>Source Files\ByteTree</Filter>
    </ClCompile>
    <ClCompile Include="DataLeaf.cpp">
      <Filter>Source Files\ByteTree</Filter>
    </ClCompile>
  </ItemGroup>
</Project>