<?xml version="1.0" encoding="utf-8"?>
<Project ToolsVersion="4.0" xmlns="http://schemas.microsoft.com/developer/msbuild/2003">
  <ItemGroup>
    <Filter Include="Source Files">
      <UniqueIdentifier>{4FC737F1-C7A5-4376-A066-2A32D752A2FF}</UniqueIdentifier>
      <Extensions>cpp;c;cc;cxx;def;odl;idl;hpj;bat;asm;asmx</Extensions>
    </Filter>
    <Filter Include="Header Files">
      <UniqueIdentifier>{93995380-89BD-4b04-88EB-625FBE52EBFB}</UniqueIdentifier>
      <Extensions>h;hpp;hxx;hm;inl;inc;xsd</Extensions>
    </Filter>
    <Filter Include="Resource Files">
      <UniqueIdentifier>{67DA6AB6-F800-4c08-8B7A-83BB121AAD01}</UniqueIdentifier>
      <Extensions>rc;ico;cur;bmp;dlg;rc2;rct;bin;rgs;gif;jpg;jpeg;jpe;resx;tiff;tif;png;wav;mfcribbon-ms</Extensions>
    </Filter>
    <Filter Include="Source Files\PRG">
      <UniqueIdentifier>{49901233-6dc9-48a8-a4e2-076254639c8f}</UniqueIdentifier>
    </Filter>
    <Filter Include="Header Files\PRG">
      <UniqueIdentifier>{e2bd93d5-c25d-4698-895a-11d98517ff53}</UniqueIdentifier>
    </Filter>
  </ItemGroup>
  <ItemGroup>
    <ClCompile Include="KeyVerifier.cpp">
      <Filter>Source Files</Filter>
    </ClCompile>
    <ClCompile Include="ShufflingVerifier.cpp">
      <Filter>Source Files</Filter>
    </ClCompile>
    <ClCompile Include="Utilities.cpp">
      <Filter>Source Files</Filter>
    </ClCompile>
    <ClCompile Include="ProofOfShuffle.cpp">
      <Filter>Source Files</Filter>
    </ClCompile>
    <ClCompile Include="DecryptionFactorsVerifier.cpp">
      <Filter>Source Files</Filter>
    </ClCompile>
    <ClCompile Include="DecryptionVerifier.cpp">
      <Filter>Source Files</Filter>
    </ClCompile>
    <ClCompile Include="Verifier.cpp">
      <Filter>Source Files</Filter>
    </ClCompile>
    <ClCompile Include="main.cpp">
      <Filter>Source Files</Filter>
    </ClCompile>
    <ClCompile Include="PRG.cpp">
      <Filter>Source Files\PRG</Filter>
    </ClCompile>
  </ItemGroup>
  <ItemGroup>
    <ClInclude Include="KeyVerifier.h">
      <Filter>Header Files</Filter>
    </ClInclude>
    <ClInclude Include="ShufflingVerifier.h">
      <Filter>Header Files</Filter>
    </ClInclude>
    <ClInclude Include="Utilities.h">
      <Filter>Header Files</Filter>
    </ClInclude>
    <ClInclude Include="ProofOfShuffle.h">
      <Filter>Header Files</Filter>
    </ClInclude>
    <ClInclude Include="DecryptionFactorsVerifier.h">
      <Filter>Header Files</Filter>
    </ClInclude>
    <ClInclude Include="DecryptionVerifier.h">
      <Filter>Header Files</Filter>
    </ClInclude>
    <ClInclude Include="Verifier.h">
      <Filter>Header Files</Filter>
    </ClInclude>
    <ClInclude Include="PRG.h">
      <Filter>Header Files\PRG</Filter>
    </ClInclude>
  </ItemGroup>
</Project>