<?xml version="1.0" encoding="utf-8"?>
<Project ToolsVersion="4.0" xmlns="http://schemas.microsoft.com/developer/msbuild/2003">
  <ItemGroup>
    <Filter Include="Source Files">
      <UniqueIdentifier>{4FC737F1-C7A5-4376-A066-2A32D752A2FF}</UniqueIdentifier>
      <Extensions>cpp;c;cc;cxx;def;odl;idl;hpj;bat;asm;asmx</Extensions>
    </Filter>
    <Filter Include="Header Files">
      <UniqueIdentifier>{93995380-89BD-4b04-88EB-625FBE52EBFB}</UniqueIdentifier>
      <Extensions>h;hpp;hxx;hm;inl;inc;xsd</Extensions>
    </Filter>
    <Filter Include="Resource Files">
      <UniqueIdentifier>{67DA6AB6-F800-4c08-8B7A-83BB121AAD01}</UniqueIdentifier>
      <Extensions>rc;ico;cur;bmp;dlg;rc2;rct;bin;rgs;gif;jpg;jpeg;jpe;resx;tiff;tif;png;wav;mfcribbon-ms</Extensions>
    </Filter>
    <Filter Include="Header Files\PRG">
      <UniqueIdentifier>{8e4765cf-0645-410c-931a-7ae3f699ab17}</UniqueIdentifier>
    </Filter>
    <Filter Include="Source Files\PRG">
      <UniqueIdentifier>{ea916df5-16b5-448b-a2f2-3957a804d1b7}</UniqueIdentifier>
    </Filter>
  </ItemGroup>
  <ItemGroup>
    <ClCompile Include="PRG.cpp">
      <Filter>Source Files\PRG</Filter>
    </ClCompile>
    <ClCompile Include="RO.cpp">
      <Filter>Source Files\PRG</Filter>
    </ClCompile>
    <ClCompile Include="ElGamal.cpp">
      <Filter>Source Files</Filter>
    </ClCompile>
    <ClCompile Include="H_SHA.cpp">
      <Filter>Source Files</Filter>
    </ClCompile>
  </ItemGroup>
  <ItemGroup>
    <ClInclude Include="PRG.h">
      <Filter>Header Files\PRG</Filter>
    </ClInclude>
    <ClInclude Include="RO.h">
      <Filter>Header Files\PRG</Filter>
    </ClInclude>
    <ClInclude Include="ElGamal.h">
      <Filter>Header Files</Filter>
    </ClInclude>
    <ClInclude Include="H_SHA.h">
      <Filter>Header Files</Filter>
    </ClInclude>
  </ItemGroup>
</Project>